
Microsoft Visual Studio Solution File, Format Version 12.00
# Visual Studio Version 17
VisualStudioVersion = 17.7.34024.191
MinimumVisualStudioVersion = 10.0.40219.1
Project("{FAE04EC0-301F-11D3-BF4B-00C04F79EFBC}") = "QuickSort2", "QuickSort2\QuickSort2.csproj", "{C35B0842-4F58-40DB-BC59-2CA0D9A8DE9B}"
EndProject
Global
	GlobalSection(SolutionConfigurationPlatforms) = preSolution
		Debug|Any CPU = Debug|Any CPU
		Release|Any CPU = Release|Any CPU
	EndGlobalSection
	GlobalSection(ProjectConfigurationPlatforms) = postSolution
		{C35B0842-4F58-40DB-BC59-2CA0D9A8DE9B}.Debug|Any CPU.ActiveCfg = Debug|Any CPU
		{C35B0842-4F58-40DB-BC59-2CA0D9A8DE9B}.Debug|Any CPU.Build.0 = Debug|Any CPU
		{C35B0842-4F58-40DB-BC59-2CA0D9A8DE9B}.Release|Any CPU.ActiveCfg = Release|Any CPU
		{C35B0842-4F58-40DB-BC59-2CA0D9A8DE9B}.Release|Any CPU.Build.0 = Release|Any CPU
	EndGlobalSection
	GlobalSection(SolutionProperties) = preSolution
		HideSolutionNode = FALSE
	EndGlobalSection
	GlobalSection(ExtensibilityGlobals) = postSolution
		SolutionGuid = {B73321B9-2DFF-4B29-ADBD-F72D54D0A52C}
	EndGlobalSection
EndGlobal
